
Microsoft Visual Studio Solution File, Format Version 12.00
# Visual Studio 2015
Project("{FAE04EC0-301F-11D3-BF4B-00C04F79EFBC}") = "VR3.CSharp", "VR3.CSharp.csproj", "{CDC26BF3-72FC-3C00-76FC-5328F2DC65CD}"
EndProject
Project("{FAE04EC0-301F-11D3-BF4B-00C04F79EFBC}") = "VR3.CSharp.Editor", "VR3.CSharp.Editor.csproj", "{D77BA1ED-2E2C-49FA-8681-9C27DAA31C40}"
EndProject
Global
	GlobalSection(SolutionConfigurationPlatforms) = preSolution
		Debug|Any CPU = Debug|Any CPU
		Release|Any CPU = Release|Any CPU
	EndGlobalSection
	GlobalSection(ProjectConfigurationPlatforms) = postSolution
		{CDC26BF3-72FC-3C00-76FC-5328F2DC65CD}.Debug|Any CPU.ActiveCfg = Debug|Any CPU
		{CDC26BF3-72FC-3C00-76FC-5328F2DC65CD}.Debug|Any CPU.Build.0 = Debug|Any CPU
		{CDC26BF3-72FC-3C00-76FC-5328F2DC65CD}.Release|Any CPU.ActiveCfg = Release|Any CPU
		{CDC26BF3-72FC-3C00-76FC-5328F2DC65CD}.Release|Any CPU.Build.0 = Release|Any CPU
		{D77BA1ED-2E2C-49FA-8681-9C27DAA31C40}.Debug|Any CPU.ActiveCfg = Debug|Any CPU
		{D77BA1ED-2E2C-49FA-8681-9C27DAA31C40}.Debug|Any CPU.Build.0 = Debug|Any CPU
		{D77BA1ED-2E2C-49FA-8681-9C27DAA31C40}.Release|Any CPU.ActiveCfg = Release|Any CPU
		{D77BA1ED-2E2C-49FA-8681-9C27DAA31C40}.Release|Any CPU.Build.0 = Release|Any CPU
	EndGlobalSection
	GlobalSection(SolutionProperties) = preSolution
		HideSolutionNode = FALSE
	EndGlobalSection
EndGlobal
