Microsoft Visual Studio Solution File, Format Version 11.00
# Visual Studio 2008

Project("{7D35EAE6-B117-F9E7-A9B2-5EC988F16419}") = "VRPerception-master", "Assembly-CSharp.csproj", "{9A567F50-5BEE-A414-8688-ADF2C90FA7BA}"
EndProject
Project("{7D35EAE6-B117-F9E7-A9B2-5EC988F16419}") = "VRPerception-master", "Assembly-CSharp-Editor.csproj", "{08E02458-E6DE-3381-3063-276FEF4600B3}"
EndProject
Global
	GlobalSection(SolutionConfigurationPlatforms) = preSolution
		Debug|Any CPU = Debug|Any CPU
		Release|Any CPU = Release|Any CPU
	EndGlobalSection
	GlobalSection(ProjectConfigurationPlatforms) = postSolution
		{9A567F50-5BEE-A414-8688-ADF2C90FA7BA}.Debug|Any CPU.ActiveCfg = Debug|Any CPU
		{9A567F50-5BEE-A414-8688-ADF2C90FA7BA}.Debug|Any CPU.Build.0 = Debug|Any CPU
		{9A567F50-5BEE-A414-8688-ADF2C90FA7BA}.Release|Any CPU.ActiveCfg = Release|Any CPU
		{9A567F50-5BEE-A414-8688-ADF2C90FA7BA}.Release|Any CPU.Build.0 = Release|Any CPU
		{08E02458-E6DE-3381-3063-276FEF4600B3}.Debug|Any CPU.ActiveCfg = Debug|Any CPU
		{08E02458-E6DE-3381-3063-276FEF4600B3}.Debug|Any CPU.Build.0 = Debug|Any CPU
		{08E02458-E6DE-3381-3063-276FEF4600B3}.Release|Any CPU.ActiveCfg = Release|Any CPU
		{08E02458-E6DE-3381-3063-276FEF4600B3}.Release|Any CPU.Build.0 = Release|Any CPU
	EndGlobalSection
	GlobalSection(SolutionProperties) = preSolution
		HideSolutionNode = FALSE
	EndGlobalSection
	GlobalSection(MonoDevelopProperties) = preSolution
		StartupItem = Assembly-CSharp.csproj
	EndGlobalSection
EndGlobal
